
Microsoft Visual Studio Solution File, Format Version 12.00
# Visual Studio Version 16
VisualStudioVersion = 16.0.31727.386
MinimumVisualStudioVersion = 10.0.40219.1
Project("{FAE04EC0-301F-11D3-BF4B-00C04F79EFBC}") = "lh6_1", "lh6_1\lh6_1.csproj", "{B5A29DBE-3742-4FE3-A309-CFE35A7FF558}"
EndProject
Global
	GlobalSection(SolutionConfigurationPlatforms) = preSolution
		Debug|Any CPU = Debug|Any CPU
		Release|Any CPU = Release|Any CPU
	EndGlobalSection
	GlobalSection(ProjectConfigurationPlatforms) = postSolution
		{B5A29DBE-3742-4FE3-A309-CFE35A7FF558}.Debug|Any CPU.ActiveCfg = Debug|Any CPU
		{B5A29DBE-3742-4FE3-A309-CFE35A7FF558}.Debug|Any CPU.Build.0 = Debug|Any CPU
		{B5A29DBE-3742-4FE3-A309-CFE35A7FF558}.Release|Any CPU.ActiveCfg = Release|Any CPU
		{B5A29DBE-3742-4FE3-A309-CFE35A7FF558}.Release|Any CPU.Build.0 = Release|Any CPU
	EndGlobalSection
	GlobalSection(SolutionProperties) = preSolution
		HideSolutionNode = FALSE
	EndGlobalSection
	GlobalSection(ExtensibilityGlobals) = postSolution
		SolutionGuid = {F1858143-FE4B-40EA-AFEA-2E612AB743DB}
	EndGlobalSection
EndGlobal
